
Microsoft Visual Studio Solution File, Format Version 12.00
# Visual Studio Version 17
VisualStudioVersion = 17.11.35327.3
MinimumVisualStudioVersion = 10.0.40219.1
Project("{888888A0-9F3D-457C-B088-3A5042F75D52}") = "Backyard Egg Cost planner", "Backyard Egg Cost planner\Backyard Egg Cost planner.pyproj", "{3232969B-960C-4978-BFFA-198F0D713FC9}"
EndProject
Global
	GlobalSection(SolutionConfigurationPlatforms) = preSolution
		Debug|Any CPU = Debug|Any CPU
		Release|Any CPU = Release|Any CPU
	EndGlobalSection
	GlobalSection(ProjectConfigurationPlatforms) = postSolution
		{3232969B-960C-4978-BFFA-198F0D713FC9}.Debug|Any CPU.ActiveCfg = Debug|Any CPU
		{3232969B-960C-4978-BFFA-198F0D713FC9}.Release|Any CPU.ActiveCfg = Release|Any CPU
	EndGlobalSection
	GlobalSection(SolutionProperties) = preSolution
		HideSolutionNode = FALSE
	EndGlobalSection
	GlobalSection(ExtensibilityGlobals) = postSolution
		SolutionGuid = {CEBD72C5-0AB3-4B9A-BF66-D8CEF729865D}
	EndGlobalSection
EndGlobal
